NeoBundleLock snipmate.vim f5a75d075d3c005ebe69e3f5e56cf99516e8aa3b
NeoBundleLock vimproc.vim 3e055023dfab4f5a4dfa05a834f9d0cb7294a82e
NeoBundleLock neobundle.vim 816d21d99a071cc86ba2ffbb4679dde3b764bed7
NeoBundleLock vim-yaml 06755a296f2248c91f020ccb4e0b3f211365037e
NeoBundleLock ack.vim 303bceff1c8ab1145d114083582b1aeac9de7a85
NeoBundleLock ansible-vim 86513aaa8e1c413d8ae7fcb6669a5ae74ab7a7c5
NeoBundleLock unite.vim b04e14958d0d7276dcb363f613a4ad331b4c4fc9
